
Microsoft Visual Studio Solution File, Format Version 12.00
# Visual Studio Version 17
VisualStudioVersion = 17.5.002.0
MinimumVisualStudioVersion = 10.0.40219.1
Project("{9A19103F-16F7-4668-BE54-9A1E7A4F7556}") = "CRUDelicious", "CRUDelicious.csproj", "{A2003904-D6EC-46AA-B715-3DED3A534721}"
EndProject
Global
	GlobalSection(SolutionConfigurationPlatforms) = preSolution
		Debug|Any CPU = Debug|Any CPU
		Release|Any CPU = Release|Any CPU
	EndGlobalSection
	GlobalSection(ProjectConfigurationPlatforms) = postSolution
		{A2003904-D6EC-46AA-B715-3DED3A534721}.Debug|Any CPU.ActiveCfg = Debug|Any CPU
		{A2003904-D6EC-46AA-B715-3DED3A534721}.Debug|Any CPU.Build.0 = Debug|Any CPU
		{A2003904-D6EC-46AA-B715-3DED3A534721}.Release|Any CPU.ActiveCfg = Release|Any CPU
		{A2003904-D6EC-46AA-B715-3DED3A534721}.Release|Any CPU.Build.0 = Release|Any CPU
	EndGlobalSection
	GlobalSection(SolutionProperties) = preSolution
		HideSolutionNode = FALSE
	EndGlobalSection
	GlobalSection(ExtensibilityGlobals) = postSolution
		SolutionGuid = {F477146A-593B-4151-8639-7104713DC915}
	EndGlobalSection
EndGlobal
